// !$*UTF8*$!
{
	archiveVersion = 1;
	classes = {
	};
	objectVersion = 48;
	objects = {

/* Begin PBXBuildFile section */
		BC492FE9591A16D66153AF32 /* Pods_Todoey.framework in Frameworks */ = {isa = PBXBuildFile; fileRef = E668C6FF05C260EBA830EBAB /* Pods_Todoey.framework */; };
		EE0B056D206D6A140059B211 /* Item.swift in Sources */ = {isa = PBXBuildFile; fileRef = EE0B056C206D6A140059B211 /* Item.swift */; };
		EE0B056F206D6A310059B211 /* Category.swift in Sources */ = {isa = PBXBuildFile; fileRef = EE0B056E206D6A310059B211 /* Category.swift */; };
		EE64D11D206EE031003FB8E5 /* SwipeTableViewController.swift in Sources */ = {isa = PBXBuildFile; fileRef = EE64D11C206EE031003FB8E5 /* SwipeTableViewController.swift */; };
		EEEC11AA2060681200D4A5E0 /* AppDelegate.swift in Sources */ = {isa = PBXBuildFile; fileRef = EEEC11A92060681200D4A5E0 /* AppDelegate.swift */; };
		EEEC11AC2060681200D4A5E0 /* TodoListViewController.swift in Sources */ = {isa = PBXBuildFile; fileRef = EEEC11AB2060681200D4A5E0 /* TodoListViewController.swift */; };
		EEEC11AF2060681200D4A5E0 /* Main.storyboard in Resources */ = {isa = PBXBuildFile; fileRef = EEEC11AD2060681200D4A5E0 /* Main.storyboard */; };
		EEEC11B12060681200D4A5E0 /* Assets.xcassets in Resources */ = {isa = PBXBuildFile; fileRef = EEEC11B02060681200D4A5E0 /* Assets.xcassets */; };
		EEEC11B42060681200D4A5E0 /* LaunchScreen.storyboard in Resources */ = {isa = PBXBuildFile; fileRef = EEEC11B22060681200D4A5E0 /* LaunchScreen.storyboard */; };
		EEEC11E6206C0A2600D4A5E0 /* CategoryViewController.swift in Sources */ = {isa = PBXBuildFile; fileRef = EEEC11E5206C0A2600D4A5E0 /* CategoryViewController.swift */; };
/* End PBXBuildFile section */

/* Begin PBXFileReference section */
		44A0E7827293C7B5F4FCF525 /* Pods-Todoey.release.xcconfig */ = {isa = PBXFileReference; includeInIndex = 1; lastKnownFileType = text.xcconfig; name = "Pods-Todoey.release.xcconfig"; path = "Pods/Target Support Files/Pods-Todoey/Pods-Todoey.release.xcconfig"; sourceTree = "<group>"; };
		E668C6FF05C260EBA830EBAB /* Pods_Todoey.framework */ = {isa = PBXFileReference; explicitFileType = wrapper.framework; includeInIndex = 0; path = Pods_Todoey.framework; sourceTree = BUILT_PRODUCTS_DIR; };
		EE0B056C206D6A140059B211 /* Item.swift */ = {isa = PBXFileReference; lastKnownFileType = sourcecode.swift; path = Item.swift; sourceTree = "<group>"; };
		EE0B056E206D6A310059B211 /* Category.swift */ = {isa = PBXFileReference; lastKnownFileType = sourcecode.swift; path = Category.swift; sourceTree = "<group>"; };
		EE64D11C206EE031003FB8E5 /* SwipeTableViewController.swift */ = {isa = PBXFileReference; lastKnownFileType = sourcecode.swift; path = SwipeTableViewController.swift; sourceTree = "<group>"; };
		EEEC11A62060681200D4A5E0 /* Todoey.app */ = {isa = PBXFileReference; explicitFileType = wrapper.application; includeInIndex = 0; path = Todoey.app; sourceTree = BUILT_PRODUCTS_DIR; };
		EEEC11A92060681200D4A5E0 /* AppDelegate.swift */ = {isa = PBXFileReference; lastKnownFileType = sourcecode.swift; path = AppDelegate.swift; sourceTree = "<group>"; };
		EEEC11AB2060681200D4A5E0 /* TodoListViewController.swift */ = {isa = PBXFileReference; lastKnownFileType = sourcecode.swift; path = TodoListViewController.swift; sourceTree = "<group>"; };
		EEEC11AE2060681200D4A5E0 /* Base */ = {isa = PBXFileReference; lastKnownFileType = file.storyboard; name = Base; path = Base.lproj/Main.storyboard; sourceTree = "<group>"; };
		EEEC11B02060681200D4A5E0 /* Assets.xcassets */ = {isa = PBXFileReference; lastKnownFileType = folder.assetcatalog; path = Assets.xcassets; sourceTree = "<group>"; };
		EEEC11B32060681200D4A5E0 /* Base */ = {isa = PBXFileReference; lastKnownFileType = file.storyboard; name = Base; path = Base.lproj/LaunchScreen.storyboard; sourceTree = "<group>"; };
		EEEC11B52060681200D4A5E0 /* Info.plist */ = {isa = PBXFileReference; lastKnownFileType = text.plist.xml; path = Info.plist; sourceTree = "<group>"; };
		EEEC11E5206C0A2600D4A5E0 /* CategoryViewController.swift */ = {isa = PBXFileReference; lastKnownFileType = sourcecode.swift; path = CategoryViewController.swift; sourceTree = "<group>"; };
		F807BA48AC85E5B353D20C2E /* Pods-Todoey.debug.xcconfig */ = {isa = PBXFileReference; includeInIndex = 1; lastKnownFileType = text.xcconfig; name = "Pods-Todoey.debug.xcconfig"; path = "Pods/Target Support Files/Pods-Todoey/Pods-Todoey.debug.xcconfig"; sourceTree = "<group>"; };
/* End PBXFileReference section */

/* Begin PBXFrameworksBuildPhase section */
		EEEC11A32060681200D4A5E0 /* Frameworks */ = {
			isa = PBXFrameworksBuildPhase;
			buildActionMask = 2147483647;
			files = (
				BC492FE9591A16D66153AF32 /* Pods_Todoey.framework in Frameworks */,
			);
			runOnlyForDeploymentPostprocessing = 0;
		};
/* End PBXFrameworksBuildPhase section */

/* Begin PBXGroup section */
		EEEC119D2060681100D4A5E0 = {
			isa = PBXGroup;
			children = (
				EEEC11A82060681200D4A5E0 /* Todoey */,
				EEEC11A72060681200D4A5E0 /* Products */,
				F3499D43F7E10DE3473667AE /* Pods */,
				F1713BBBC7DA12034D670576 /* Frameworks */,
			);
			sourceTree = "<group>";
		};
		EEEC11A72060681200D4A5E0 /* Products */ = {
			isa = PBXGroup;
			children = (
				EEEC11A62060681200D4A5E0 /* Todoey.app */,
			);
			name = Products;
			sourceTree = "<group>";
		};
		EEEC11A82060681200D4A5E0 /* Todoey */ = {
			isa = PBXGroup;
			children = (
				EEEC11A92060681200D4A5E0 /* AppDelegate.swift */,
				EEEC11BD2065B07E00D4A5E0 /* DataModel */,
				EEEC11BF2065B0D500D4A5E0 /* Controllers */,
				EEEC11BE2065B0A700D4A5E0 /* Views */,
				EEEC11C02065B0F100D4A5E0 /* Support Files */,
				EEEC11B52060681200D4A5E0 /* Info.plist */,
			);
			path = Todoey;
			sourceTree = "<group>";
		};
		EEEC11BD2065B07E00D4A5E0 /* DataModel */ = {
			isa = PBXGroup;
			children = (
				EE0B056E206D6A310059B211 /* Category.swift */,
				EE0B056C206D6A140059B211 /* Item.swift */,
			);
			path = DataModel;
			sourceTree = "<group>";
		};
		EEEC11BE2065B0A700D4A5E0 /* Views */ = {
			isa = PBXGroup;
			children = (
				EEEC11AD2060681200D4A5E0 /* Main.storyboard */,
			);
			path = Views;
			sourceTree = "<group>";
		};
		EEEC11BF2065B0D500D4A5E0 /* Controllers */ = {
			isa = PBXGroup;
			children = (
				EEEC11E5206C0A2600D4A5E0 /* CategoryViewController.swift */,
				EE64D11C206EE031003FB8E5 /* SwipeTableViewController.swift */,
				EEEC11AB2060681200D4A5E0 /* TodoListViewController.swift */,
			);
			path = Controllers;
			sourceTree = "<group>";
		};
		EEEC11C02065B0F100D4A5E0 /* Support Files */ = {
			isa = PBXGroup;
			children = (
				EEEC11B02060681200D4A5E0 /* Assets.xcassets */,
				EEEC11B22060681200D4A5E0 /* LaunchScreen.storyboard */,
			);
			path = "Support Files";
			sourceTree = "<group>";
		};
		F1713BBBC7DA12034D670576 /* Frameworks */ = {
			isa = PBXGroup;
			children = (
				E668C6FF05C260EBA830EBAB /* Pods_Todoey.framework */,
			);
			name = Frameworks;
			sourceTree = "<group>";
		};
		F3499D43F7E10DE3473667AE /* Pods */ = {
			isa = PBXGroup;
			children = (
				F807BA48AC85E5B353D20C2E /* Pods-Todoey.debug.xcconfig */,
				44A0E7827293C7B5F4FCF525 /* Pods-Todoey.release.xcconfig */,
			);
			name = Pods;
			sourceTree = "<group>";
		};
/* End PBXGroup section */

/* Begin PBXNativeTarget section */
		EEEC11A52060681200D4A5E0 /* Todoey */ = {
			isa = PBXNativeTarget;
			buildConfigurationList = EEEC11B82060681200D4A5E0 /* Build configuration list for PBXNativeTarget "Todoey" */;
			buildPhases = (
				15B0CEA5B7F0B065A96269DE /* [CP] Check Pods Manifest.lock */,
				EEEC11A22060681200D4A5E0 /* Sources */,
				EEEC11A32060681200D4A5E0 /* Frameworks */,
				EEEC11A42060681200D4A5E0 /* Resources */,
				0BFDD43FAB37683B447108FA /* [CP] Embed Pods Frameworks */,
				9FDF3098773F92D7B0B19133 /* [CP] Copy Pods Resources */,
			);
			buildRules = (
			);
			dependencies = (
			);
			name = Todoey;
			productName = Todoey;
			productReference = EEEC11A62060681200D4A5E0 /* Todoey.app */;
			productType = "com.apple.product-type.application";
		};
/* End PBXNativeTarget section */

/* Begin PBXProject section */
		EEEC119E2060681100D4A5E0 /* Project object */ = {
			isa = PBXProject;
			attributes = {
				LastSwiftUpdateCheck = 0920;
				LastUpgradeCheck = 0920;
				ORGANIZATIONNAME = "Professor Z, LLC";
				TargetAttributes = {
					EEEC11A52060681200D4A5E0 = {
						CreatedOnToolsVersion = 9.2;
						ProvisioningStyle = Automatic;
					};
				};
			};
			buildConfigurationList = EEEC11A12060681100D4A5E0 /* Build configuration list for PBXProject "Todoey" */;
			compatibilityVersion = "Xcode 8.0";
			developmentRegion = en;
			hasScannedForEncodings = 0;
			knownRegions = (
				en,
				Base,
			);
			mainGroup = EEEC119D2060681100D4A5E0;
			productRefGroup = EEEC11A72060681200D4A5E0 /* Products */;
			projectDirPath = "";
			projectRoot = "";
			targets = (
				EEEC11A52060681200D4A5E0 /* Todoey */,
			);
		};
/* End PBXProject section */

/* Begin PBXResourcesBuildPhase section */
		EEEC11A42060681200D4A5E0 /* Resources */ = {
			isa = PBXResourcesBuildPhase;
			buildActionMask = 2147483647;
			files = (
				EEEC11B42060681200D4A5E0 /* LaunchScreen.storyboard in Resources */,
				EEEC11B12060681200D4A5E0 /* Assets.xcassets in Resources */,
				EEEC11AF2060681200D4A5E0 /* Main.storyboard in Resources */,
			);
			runOnlyForDeploymentPostprocessing = 0;
		};
/* End PBXResourcesBuildPhase section */

/* Begin PBXShellScriptBuildPhase section */
		0BFDD43FAB37683B447108FA /* [CP] Embed Pods Frameworks */ = {
			isa = PBXShellScriptBuildPhase;
			buildActionMask = 2147483647;
			files = (
			);
			inputPaths = (
				"${SRCROOT}/Pods/Target Support Files/Pods-Todoey/Pods-Todoey-frameworks.sh",
				"${BUILT_PRODUCTS_DIR}/Realm/Realm.framework",
				"${BUILT_PRODUCTS_DIR}/RealmSwift/RealmSwift.framework",
				"${BUILT_PRODUCTS_DIR}/SwipeCellKit/SwipeCellKit.framework",
			);
			name = "[CP] Embed Pods Frameworks";
			outputPaths = (
				"${TARGET_BUILD_DIR}/${FRAMEWORKS_FOLDER_PATH}/Realm.framework",
				"${TARGET_BUILD_DIR}/${FRAMEWORKS_FOLDER_PATH}/RealmSwift.framework",
				"${TARGET_BUILD_DIR}/${FRAMEWORKS_FOLDER_PATH}/SwipeCellKit.framework",
			);
			runOnlyForDeploymentPostprocessing = 0;
			shellPath = /bin/sh;
			shellScript = "\"${SRCROOT}/Pods/Target Support Files/Pods-Todoey/Pods-Todoey-frameworks.sh\"\n";
			showEnvVarsInLog = 0;
		};
		15B0CEA5B7F0B065A96269DE /* [CP] Check Pods Manifest.lock */ = {
			isa = PBXShellScriptBuildPhase;
			buildActionMask = 2147483647;
			files = (
			);
			inputPaths = (
				"${PODS_PODFILE_DIR_PATH}/Podfile.lock",
				"${PODS_ROOT}/Manifest.lock",
			);
			name = "[CP] Check Pods Manifest.lock";
			outputPaths = (
				"$(DERIVED_FILE_DIR)/Pods-Todoey-checkManifestLockResult.txt",
			);
			runOnlyForDeploymentPostprocessing = 0;
			shellPath = /bin/sh;
			shellScript = "diff \"${PODS_PODFILE_DIR_PATH}/Podfile.lock\" \"${PODS_ROOT}/Manifest.lock\" > /dev/null\nif [ $? != 0 ] ; then\n    # print error to STDERR\n    echo \"error: The sandbox is not in sync with the Podfile.lock. Run 'pod install' or update your CocoaPods installation.\" >&2\n    exit 1\nfi\n# This output is used by Xcode 'outputs' to avoid re-running this script phase.\necho \"SUCCESS\" > \"${SCRIPT_OUTPUT_FILE_0}\"\n";
			showEnvVarsInLog = 0;
		};
		9FDF3098773F92D7B0B19133 /* [CP] Copy Pods Resources */ = {
			isa = PBXShellScriptBuildPhase;
			buildActionMask = 2147483647;
			files = (
			);
			inputPaths = (
			);
			name = "[CP] Copy Pods Resources";
			outputPaths = (
			);
			runOnlyForDeploymentPostprocessing = 0;
			shellPath = /bin/sh;
			shellScript = "\"${SRCROOT}/Pods/Target Support Files/Pods-Todoey/Pods-Todoey-resources.sh\"\n";
			showEnvVarsInLog = 0;
		};
/* End PBXShellScriptBuildPhase section */

/* Begin PBXSourcesBuildPhase section */
		EEEC11A22060681200D4A5E0 /* Sources */ = {
			isa = PBXSourcesBuildPhase;
			buildActionMask = 2147483647;
			files = (
				EE0B056D206D6A140059B211 /* Item.swift in Sources */,
				EEEC11E6206C0A2600D4A5E0 /* CategoryViewController.swift in Sources */,
				EEEC11AC2060681200D4A5E0 /* TodoListViewController.swift in Sources */,
				EEEC11AA2060681200D4A5E0 /* AppDelegate.swift in Sources */,
				EE64D11D206EE031003FB8E5 /* SwipeTableViewController.swift in Sources */,
				EE0B056F206D6A310059B211 /* Category.swift in Sources */,
			);
			runOnlyForDeploymentPostprocessing = 0;
		};
/* End PBXSourcesBuildPhase section */

/* Begin PBXVariantGroup section */
		EEEC11AD2060681200D4A5E0 /* Main.storyboard */ = {
			isa = PBXVariantGroup;
			children = (
				EEEC11AE2060681200D4A5E0 /* Base */,
			);
			name = Main.storyboard;
			sourceTree = "<group>";
		};
		EEEC11B22060681200D4A5E0 /* LaunchScreen.storyboard */ = {
			isa = PBXVariantGroup;
			children = (
				EEEC11B32060681200D4A5E0 /* Base */,
			);
			name = LaunchScreen.storyboard;
			sourceTree = "<group>";
		};
/* End PBXVariantGroup section */

/* Begin XCBuildConfiguration section */
		EEEC11B62060681200D4A5E0 /* Debug */ = {
			isa = XCBuildConfiguration;
			buildSettings = {
				ALWAYS_SEARCH_USER_PATHS = NO;
				CLANG_ANALYZER_NONNULL = YES;
				CLANG_ANALYZER_NUMBER_OBJECT_CONVERSION = YES_AGGRESSIVE;
				CLANG_CXX_LANGUAGE_STANDARD = "gnu++14";
				CLANG_CXX_LIBRARY = "libc++";
				CLANG_ENABLE_MODULES = YES;
				CLANG_ENABLE_OBJC_ARC = YES;
				CLANG_WARN_BLOCK_CAPTURE_AUTORELEASING = YES;
				CLANG_WARN_BOOL_CONVERSION = YES;
				CLANG_WARN_COMMA = YES;
				CLANG_WARN_CONSTANT_CONVERSION = YES;
				CLANG_WARN_DIRECT_OBJC_ISA_USAGE = YES_ERROR;
				CLANG_WARN_DOCUMENTATION_COMMENTS = YES;
				CLANG_WARN_EMPTY_BODY = YES;
				CLANG_WARN_ENUM_CONVERSION = YES;
				CLANG_WARN_INFINITE_RECURSION = YES;
				CLANG_WARN_INT_CONVERSION = YES;
				CLANG_WARN_NON_LITERAL_NULL_CONVERSION = YES;
				CLANG_WARN_OBJC_LITERAL_CONVERSION = YES;
				CLANG_WARN_OBJC_ROOT_CLASS = YES_ERROR;
				CLANG_WARN_RANGE_LOOP_ANALYSIS = YES;
				CLANG_WARN_STRICT_PROTOTYPES = YES;
				CLANG_WARN_SUSPICIOUS_MOVE = YES;
				CLANG_WARN_UNGUARDED_AVAILABILITY = YES_AGGRESSIVE;
				CLANG_WARN_UNREACHABLE_CODE = YES;
				CLANG_WARN__DUPLICATE_METHOD_MATCH = YES;
				CODE_SIGN_IDENTITY = "iPhone Developer";
				COPY_PHASE_STRIP = NO;
				DEBUG_INFORMATION_FORMAT = dwarf;
				ENABLE_STRICT_OBJC_MSGSEND = YES;
				ENABLE_TESTABILITY = YES;
				GCC_C_LANGUAGE_STANDARD = gnu11;
				GCC_DYNAMIC_NO_PIC = NO;
				GCC_NO_COMMON_BLOCKS = YES;
				GCC_OPTIMIZATION_LEVEL = 0;
				GCC_PREPROCESSOR_DEFINITIONS = (
					"DEBUG=1",
					"$(inherited)",
				);
				GCC_WARN_64_TO_32_BIT_CONVERSION = YES;
				GCC_WARN_ABOUT_RETURN_TYPE = YES_ERROR;
				GCC_WARN_UNDECLARED_SELECTOR = YES;
				GCC_WARN_UNINITIALIZED_AUTOS = YES_AGGRESSIVE;
				GCC_WARN_UNUSED_FUNCTION = YES;
				GCC_WARN_UNUSED_VARIABLE = YES;
				IPHONEOS_DEPLOYMENT_TARGET = 11.2;
				MTL_ENABLE_DEBUG_INFO = YES;
				ONLY_ACTIVE_ARCH = YES;
				SDKROOT = iphoneos;
				SWIFT_ACTIVE_COMPILATION_CONDITIONS = DEBUG;
				SWIFT_OPTIMIZATION_LEVEL = "-Onone";
			};
			name = Debug;
		};
		EEEC11B72060681200D4A5E0 /* Release */ = {
			isa = XCBuildConfiguration;
			buildSettings = {
				ALWAYS_SEARCH_USER_PATHS = NO;
				CLANG_ANALYZER_NONNULL = YES;
				CLANG_ANALYZER_NUMBER_OBJECT_CONVERSION = YES_AGGRESSIVE;
				CLANG_CXX_LANGUAGE_STANDARD = "gnu++14";
				CLANG_CXX_LIBRARY = "libc++";
				CLANG_ENABLE_MODULES = YES;
				CLANG_ENABLE_OBJC_ARC = YES;
				CLANG_WARN_BLOCK_CAPTURE_AUTORELEASING = YES;
				CLANG_WARN_BOOL_CONVERSION = YES;
				CLANG_WARN_COMMA = YES;
				CLANG_WARN_CONSTANT_CONVERSION = YES;
				CLANG_WARN_DIRECT_OBJC_ISA_USAGE = YES_ERROR;
				CLANG_WARN_DOCUMENTATION_COMMENTS = YES;
				CLANG_WARN_EMPTY_BODY = YES;
				CLANG_WARN_ENUM_CONVERSION = YES;
				CLANG_WARN_INFINITE_RECURSION = YES;
				CLANG_WARN_INT_CONVERSION = YES;
				CLANG_WARN_NON_LITERAL_NULL_CONVERSION = YES;
				CLANG_WARN_OBJC_LITERAL_CONVERSION = YES;
				CLANG_WARN_OBJC_ROOT_CLASS = YES_ERROR;
				CLANG_WARN_RANGE_LOOP_ANALYSIS = YES;
				CLANG_WARN_STRICT_PROTOTYPES = YES;
				CLANG_WARN_SUSPICIOUS_MOVE = YES;
				CLANG_WARN_UNGUARDED_AVAILABILITY = YES_AGGRESSIVE;
				CLANG_WARN_UNREACHABLE_CODE = YES;
				CLANG_WARN__DUPLICATE_METHOD_MATCH = YES;
				CODE_SIGN_IDENTITY = "iPhone Developer";
				COPY_PHASE_STRIP = NO;
				DEBUG_INFORMATION_FORMAT = "dwarf-with-dsym";
				ENABLE_NS_ASSERTIONS = NO;
				ENABLE_STRICT_OBJC_MSGSEND = YES;
				GCC_C_LANGUAGE_STANDARD = gnu11;
				GCC_NO_COMMON_BLOCKS = YES;
				GCC_WARN_64_TO_32_BIT_CONVERSION = YES;
				GCC_WARN_ABOUT_RETURN_TYPE = YES_ERROR;
				GCC_WARN_UNDECLARED_SELECTOR = YES;
				GCC_WARN_UNINITIALIZED_AUTOS = YES_AGGRESSIVE;
				GCC_WARN_UNUSED_FUNCTION = YES;
				GCC_WARN_UNUSED_VARIABLE = YES;
				IPHONEOS_DEPLOYMENT_TARGET = 11.2;
				MTL_ENABLE_DEBUG_INFO = NO;
				SDKROOT = iphoneos;
				SWIFT_OPTIMIZATION_LEVEL = "-Owholemodule";
				VALIDATE_PRODUCT = YES;
			};
			name = Release;
		};
		EEEC11B92060681200D4A5E0 /* Debug */ = {
			isa = XCBuildConfiguration;
			baseConfigurationReference = F807BA48AC85E5B353D20C2E /* Pods-Todoey.debug.xcconfig */;
			buildSettings = {
				ASSETCATALOG_COMPILER_APPICON_NAME = AppIcon;
				CODE_SIGN_STYLE = Automatic;
				DEVELOPMENT_TEAM = YYZQXSKXK6;
				INFOPLIST_FILE = Todoey/Info.plist;
				LD_RUNPATH_SEARCH_PATHS = "$(inherited) @executable_path/Frameworks";
				PRODUCT_BUNDLE_IDENTIFIER = ProfessorZ.Todoey;
				PRODUCT_NAME = "$(TARGET_NAME)";
				SWIFT_VERSION = 4.0;
				TARGETED_DEVICE_FAMILY = "1,2";
			};
			name = Debug;
		};
		EEEC11BA2060681200D4A5E0 /* Release */ = {
			isa = XCBuildConfiguration;
			baseConfigurationReference = 44A0E7827293C7B5F4FCF525 /* Pods-Todoey.release.xcconfig */;
			buildSettings = {
				ASSETCATALOG_COMPILER_APPICON_NAME = AppIcon;
				CODE_SIGN_STYLE = Automatic;
				DEVELOPMENT_TEAM = YYZQXSKXK6;
				INFOPLIST_FILE = Todoey/Info.plist;
				LD_RUNPATH_SEARCH_PATHS = "$(inherited) @executable_path/Frameworks";
				PRODUCT_BUNDLE_IDENTIFIER = ProfessorZ.Todoey;
				PRODUCT_NAME = "$(TARGET_NAME)";
				SWIFT_VERSION = 4.0;
				TARGETED_DEVICE_FAMILY = "1,2";
			};
			name = Release;
		};
/* End XCBuildConfiguration section */

/* Begin XCConfigurationList section */
		EEEC11A12060681100D4A5E0 /* Build configuration list for PBXProject "Todoey" */ = {
			isa = XCConfigurationList;
			buildConfigurations = (
				EEEC11B62060681200D4A5E0 /* Debug */,
				EEEC11B72060681200D4A5E0 /* Release */,
			);
			defaultConfigurationIsVisible = 0;
			defaultConfigurationName = Release;
		};
		EEEC11B82060681200D4A5E0 /* Build configuration list for PBXNativeTarget "Todoey" */ = {
			isa = XCConfigurationList;
			buildConfigurations = (
				EEEC11B92060681200D4A5E0 /* Debug */,
				EEEC11BA2060681200D4A5E0 /* Release */,
			);
			defaultConfigurationIsVisible = 0;
			defaultConfigurationName = Release;
		};
/* End XCConfigurationList section */
	};
	rootObject = EEEC119E2060681100D4A5E0 /* Project object */;
}
